PODS:
  - LXDownLoaderManager (2.0.0)

DEPENDENCIES:
  - LXDownLoaderManager (from `./`)

EXTERNAL SOURCES:
  LXDownLoaderManager:
    :path: "./"

SPEC CHECKSUMS:
  LXDownLoaderManager: 897c069fddb8fd1b7080633014384710f8f500a1

PODFILE CHECKSUM: 1743fe1742cbf4f41014b4a40f1f3bfa9ac77e9f

COCOAPODS: 1.10.1
