PODS:
  - LXDownLoaderManager (2.0.0)

DEPENDENCIES:
  - LXDownLoaderManager (from `./`)

EXTERNAL SOURCES:
  LXDownLoaderManager:
    :path: "./"

SPEC CHECKSUMS:
  LXDownLoaderManager: b3e7ebd80ae312eaf7649f6198db2bc18e2ac2a7

PODFILE CHECKSUM: 1743fe1742cbf4f41014b4a40f1f3bfa9ac77e9f

COCOAPODS: 1.10.1
